
Microsoft Visual Studio Solution File, Format Version 12.00
# Visual Studio Version 17
VisualStudioVersion = 17.0.31825.309
MinimumVisualStudioVersion = 10.0.40219.1
Project("{F184B08F-C81C-45F6-A57F-5ABD9991F28F}") = "CRUD_BetaMart", "CRUD_BetaMart\CRUD_BetaMart.vbproj", "{A3D29D96-AA73-4F4C-8C96-321A0EA57053}"
EndProject
Global
	GlobalSection(SolutionConfigurationPlatforms) = preSolution
		Debug|Any CPU = Debug|Any CPU
		Release|Any CPU = Release|Any CPU
	EndGlobalSection
	GlobalSection(ProjectConfigurationPlatforms) = postSolution
		{A3D29D96-AA73-4F4C-8C96-321A0EA57053}.Debug|Any CPU.ActiveCfg = Debug|Any CPU
		{A3D29D96-AA73-4F4C-8C96-321A0EA57053}.Debug|Any CPU.Build.0 = Debug|Any CPU
		{A3D29D96-AA73-4F4C-8C96-321A0EA57053}.Release|Any CPU.ActiveCfg = Release|Any CPU
		{A3D29D96-AA73-4F4C-8C96-321A0EA57053}.Release|Any CPU.Build.0 = Release|Any CPU
	EndGlobalSection
	GlobalSection(SolutionProperties) = preSolution
		HideSolutionNode = FALSE
	EndGlobalSection
	GlobalSection(ExtensibilityGlobals) = postSolution
		SolutionGuid = {FC169616-3CA1-4E16-A100-E8E57A2B3EC5}
	EndGlobalSection
EndGlobal
